
Microsoft Visual Studio Solution File, Format Version 12.00
Project("{FAE04EC0-301F-11D3-BF4B-00C04F79EFBC}") = "EDA.Example", "EDA.Example\EDA.Example.csproj", "{307C3BDE-15FB-4E6C-B1E2-347BF572F78B}"
EndProject
Project("{FAE04EC0-301F-11D3-BF4B-00C04F79EFBC}") = "EDA.ServiceBus.IntegrationTests", "EDA.ServiceBus.IntegrationTests\EDA.ServiceBus.IntegrationTests.csproj", "{07B3A4EA-33CC-4A2B-9BCA-3404AFBD82AE}"
EndProject
Project("{2150E333-8FDC-42A3-9474-1A3956D46DE8}") = "_", "_", "{03B1F770-441A-4155-B0A5-C4B5FE6E2800}"
ProjectSection(SolutionItems) = preProject
	README.md = README.md
EndProjectSection
EndProject
Project("{FAE04EC0-301F-11D3-BF4B-00C04F79EFBC}") = "EDA.Example.Tests", "EDA.Example.Tests\EDA.Example.Tests.csproj", "{0D2BCF54-9DDA-4688-BB47-D8DA2A3B3F33}"
EndProject
Project("{FAE04EC0-301F-11D3-BF4B-00C04F79EFBC}") = "EDA.ServiceBus", "EDA.ServiceBus\EDA.ServiceBus.csproj", "{416C6238-82E3-4C71-BF46-44D6F90DA4BC}"
EndProject
Project("{FAE04EC0-301F-11D3-BF4B-00C04F79EFBC}") = "EDA.EventHubs", "EDA.EventHubs\EDA.EventHubs.csproj", "{3479DC86-4D98-445A-A17B-D90C071AF8F3}"
EndProject
Project("{FAE04EC0-301F-11D3-BF4B-00C04F79EFBC}") = "EDA.EventHubs.IntegrationTests", "EDA.EventHubs.IntegrationTests\EDA.EventHubs.IntegrationTests.csproj", "{2D773952-065B-4427-B433-E3A72729D8CE}"
EndProject
Project("{FAE04EC0-301F-11D3-BF4B-00C04F79EFBC}") = "EDA.TestAdapters", "EDA.TestAdapters\EDA.TestAdapters.csproj", "{6C573770-B279-437D-AF4C-6894A0D533B8}"
EndProject
Project("{FAE04EC0-301F-11D3-BF4B-00C04F79EFBC}") = "EDA.TestAdapters.Tests", "EDA.TestAdapters.Tests\EDA.TestAdapters.Tests.csproj", "{710905BC-382D-4F66-9614-1295C53B738E}"
EndProject
Project("{FAE04EC0-301F-11D3-BF4B-00C04F79EFBC}") = "EDA.Ports", "EDA.Ports\EDA.Ports.csproj", "{487D6823-1505-4942-8F6C-6F9DE994E378}"
EndProject
Project("{2150E333-8FDC-42A3-9474-1A3956D46DE8}") = "Adapters", "Adapters", "{A70E73B5-D6E7-4FF0-B9FB-B64CB426BCBD}"
EndProject
Project("{2150E333-8FDC-42A3-9474-1A3956D46DE8}") = "Example", "Example", "{51717341-BE51-47F0-9D72-9EA913F5AED1}"
EndProject
Project("{2150E333-8FDC-42A3-9474-1A3956D46DE8}") = "Test", "Test", "{9418AB3F-BDD1-4CB7-9F5F-9EE51A58E231}"
EndProject
Global
	GlobalSection(SolutionConfigurationPlatforms) = preSolution
		Debug|Any CPU = Debug|Any CPU
		Release|Any CPU = Release|Any CPU
	EndGlobalSection
	GlobalSection(ProjectConfigurationPlatforms) = postSolution
		{307C3BDE-15FB-4E6C-B1E2-347BF572F78B}.Debug|Any CPU.ActiveCfg = Debug|Any CPU
		{307C3BDE-15FB-4E6C-B1E2-347BF572F78B}.Debug|Any CPU.Build.0 = Debug|Any CPU
		{307C3BDE-15FB-4E6C-B1E2-347BF572F78B}.Release|Any CPU.ActiveCfg = Release|Any CPU
		{307C3BDE-15FB-4E6C-B1E2-347BF572F78B}.Release|Any CPU.Build.0 = Release|Any CPU
		{07B3A4EA-33CC-4A2B-9BCA-3404AFBD82AE}.Debug|Any CPU.ActiveCfg = Debug|Any CPU
		{07B3A4EA-33CC-4A2B-9BCA-3404AFBD82AE}.Debug|Any CPU.Build.0 = Debug|Any CPU
		{07B3A4EA-33CC-4A2B-9BCA-3404AFBD82AE}.Release|Any CPU.ActiveCfg = Release|Any CPU
		{07B3A4EA-33CC-4A2B-9BCA-3404AFBD82AE}.Release|Any CPU.Build.0 = Release|Any CPU
		{0D2BCF54-9DDA-4688-BB47-D8DA2A3B3F33}.Debug|Any CPU.ActiveCfg = Debug|Any CPU
		{0D2BCF54-9DDA-4688-BB47-D8DA2A3B3F33}.Debug|Any CPU.Build.0 = Debug|Any CPU
		{0D2BCF54-9DDA-4688-BB47-D8DA2A3B3F33}.Release|Any CPU.ActiveCfg = Release|Any CPU
		{0D2BCF54-9DDA-4688-BB47-D8DA2A3B3F33}.Release|Any CPU.Build.0 = Release|Any CPU
		{416C6238-82E3-4C71-BF46-44D6F90DA4BC}.Debug|Any CPU.ActiveCfg = Debug|Any CPU
		{416C6238-82E3-4C71-BF46-44D6F90DA4BC}.Debug|Any CPU.Build.0 = Debug|Any CPU
		{416C6238-82E3-4C71-BF46-44D6F90DA4BC}.Release|Any CPU.ActiveCfg = Release|Any CPU
		{416C6238-82E3-4C71-BF46-44D6F90DA4BC}.Release|Any CPU.Build.0 = Release|Any CPU
		{3479DC86-4D98-445A-A17B-D90C071AF8F3}.Debug|Any CPU.ActiveCfg = Debug|Any CPU
		{3479DC86-4D98-445A-A17B-D90C071AF8F3}.Debug|Any CPU.Build.0 = Debug|Any CPU
		{3479DC86-4D98-445A-A17B-D90C071AF8F3}.Release|Any CPU.ActiveCfg = Release|Any CPU
		{3479DC86-4D98-445A-A17B-D90C071AF8F3}.Release|Any CPU.Build.0 = Release|Any CPU
		{2D773952-065B-4427-B433-E3A72729D8CE}.Debug|Any CPU.ActiveCfg = Debug|Any CPU
		{2D773952-065B-4427-B433-E3A72729D8CE}.Debug|Any CPU.Build.0 = Debug|Any CPU
		{2D773952-065B-4427-B433-E3A72729D8CE}.Release|Any CPU.ActiveCfg = Release|Any CPU
		{2D773952-065B-4427-B433-E3A72729D8CE}.Release|Any CPU.Build.0 = Release|Any CPU
		{6C573770-B279-437D-AF4C-6894A0D533B8}.Debug|Any CPU.ActiveCfg = Debug|Any CPU
		{6C573770-B279-437D-AF4C-6894A0D533B8}.Debug|Any CPU.Build.0 = Debug|Any CPU
		{6C573770-B279-437D-AF4C-6894A0D533B8}.Release|Any CPU.ActiveCfg = Release|Any CPU
		{6C573770-B279-437D-AF4C-6894A0D533B8}.Release|Any CPU.Build.0 = Release|Any CPU
		{710905BC-382D-4F66-9614-1295C53B738E}.Debug|Any CPU.ActiveCfg = Debug|Any CPU
		{710905BC-382D-4F66-9614-1295C53B738E}.Debug|Any CPU.Build.0 = Debug|Any CPU
		{710905BC-382D-4F66-9614-1295C53B738E}.Release|Any CPU.ActiveCfg = Release|Any CPU
		{710905BC-382D-4F66-9614-1295C53B738E}.Release|Any CPU.Build.0 = Release|Any CPU
		{487D6823-1505-4942-8F6C-6F9DE994E378}.Debug|Any CPU.ActiveCfg = Debug|Any CPU
		{487D6823-1505-4942-8F6C-6F9DE994E378}.Debug|Any CPU.Build.0 = Debug|Any CPU
		{487D6823-1505-4942-8F6C-6F9DE994E378}.Release|Any CPU.ActiveCfg = Release|Any CPU
		{487D6823-1505-4942-8F6C-6F9DE994E378}.Release|Any CPU.Build.0 = Release|Any CPU
	EndGlobalSection
	GlobalSection(NestedProjects) = preSolution
		{3479DC86-4D98-445A-A17B-D90C071AF8F3} = {A70E73B5-D6E7-4FF0-B9FB-B64CB426BCBD}
		{2D773952-065B-4427-B433-E3A72729D8CE} = {A70E73B5-D6E7-4FF0-B9FB-B64CB426BCBD}
		{416C6238-82E3-4C71-BF46-44D6F90DA4BC} = {A70E73B5-D6E7-4FF0-B9FB-B64CB426BCBD}
		{07B3A4EA-33CC-4A2B-9BCA-3404AFBD82AE} = {A70E73B5-D6E7-4FF0-B9FB-B64CB426BCBD}
		{307C3BDE-15FB-4E6C-B1E2-347BF572F78B} = {51717341-BE51-47F0-9D72-9EA913F5AED1}
		{0D2BCF54-9DDA-4688-BB47-D8DA2A3B3F33} = {51717341-BE51-47F0-9D72-9EA913F5AED1}
		{6C573770-B279-437D-AF4C-6894A0D533B8} = {9418AB3F-BDD1-4CB7-9F5F-9EE51A58E231}
		{710905BC-382D-4F66-9614-1295C53B738E} = {9418AB3F-BDD1-4CB7-9F5F-9EE51A58E231}
	EndGlobalSection
EndGlobal
